Microsoft Visual Studio Solution File, Format Version 12.00
# Visual Studio Version 17
VisualStudioVersion = 17.5.2.0
MinimumVisualStudioVersion = 10.0.40219.1
Project("{FAE04EC0-301F-11D3-BF4B-00C04F79EFBC}") = "tcics2.api", "tcics2.api\tcics2.api.csproj", "{46E6D6F1-117F-574F-D231-0AB5CDC56135}"
EndProject
Global
	GlobalSection(SolutionConfigurationPlatforms) = preSolution
		Debug|Any CPU = Debug|Any CPU
		Release|Any CPU = Release|Any CPU
	EndGlobalSection
	GlobalSection(ProjectConfigurationPlatforms) = postSolution
		{46E6D6F1-117F-574F-D231-0AB5CDC56135}.Debug|Any CPU.ActiveCfg = Debug|Any CPU
		{46E6D6F1-117F-574F-D231-0AB5CDC56135}.Debug|Any CPU.Build.0 = Debug|Any CPU
		{46E6D6F1-117F-574F-D231-0AB5CDC56135}.Release|Any CPU.ActiveCfg = Release|Any CPU
		{46E6D6F1-117F-574F-D231-0AB5CDC56135}.Release|Any CPU.Build.0 = Release|Any CPU
	EndGlobalSection
	GlobalSection(SolutionProperties) = preSolution
		HideSolutionNode = FALSE
	EndGlobalSection
	GlobalSection(ExtensibilityGlobals) = postSolution
		SolutionGuid = {84349BDF-EEA6-4C43-AA34-B1CFAC9798D2}
	EndGlobalSection
EndGlobal
